
Microsoft Visual Studio Solution File, Format Version 12.00
# Visual Studio 15
VisualStudioVersion = 15.0.26124.0
MinimumVisualStudioVersion = 15.0.26124.0
Project("{2150E333-8FDC-42A3-9474-1A3956D46DE8}") = "src", "src", "{19F2558C-84A5-4551-B4CA-5FDC25DD53E6}"
EndProject
Project("{FAE04EC0-301F-11D3-BF4B-00C04F79EFBC}") = "WorldGenerator.Core", "src\WorldGenerator.Core\WorldGenerator.Core.csproj", "{4370E073-6DA6-4015-9273-E67BC7715E85}"
EndProject
Project("{FAE04EC0-301F-11D3-BF4B-00C04F79EFBC}") = "WorldGenerator.UI", "src\WorldGenerator.UI\WorldGenerator.UI.csproj", "{91119ADD-EB46-41F2-AEA2-A960DAC33B60}"
EndProject
Global
	GlobalSection(SolutionConfigurationPlatforms) = preSolution
		Debug|Any CPU = Debug|Any CPU
		Debug|x64 = Debug|x64
		Debug|x86 = Debug|x86
		Release|Any CPU = Release|Any CPU
		Release|x64 = Release|x64
		Release|x86 = Release|x86
	EndGlobalSection
	GlobalSection(SolutionProperties) = preSolution
		HideSolutionNode = FALSE
	EndGlobalSection
	GlobalSection(ProjectConfigurationPlatforms) = postSolution
		{4370E073-6DA6-4015-9273-E67BC7715E85}.Debug|Any CPU.ActiveCfg = Debug|Any CPU
		{4370E073-6DA6-4015-9273-E67BC7715E85}.Debug|Any CPU.Build.0 = Debug|Any CPU
		{4370E073-6DA6-4015-9273-E67BC7715E85}.Debug|x64.ActiveCfg = Debug|Any CPU
		{4370E073-6DA6-4015-9273-E67BC7715E85}.Debug|x64.Build.0 = Debug|Any CPU
		{4370E073-6DA6-4015-9273-E67BC7715E85}.Debug|x86.ActiveCfg = Debug|Any CPU
		{4370E073-6DA6-4015-9273-E67BC7715E85}.Debug|x86.Build.0 = Debug|Any CPU
		{4370E073-6DA6-4015-9273-E67BC7715E85}.Release|Any CPU.ActiveCfg = Release|Any CPU
		{4370E073-6DA6-4015-9273-E67BC7715E85}.Release|Any CPU.Build.0 = Release|Any CPU
		{4370E073-6DA6-4015-9273-E67BC7715E85}.Release|x64.ActiveCfg = Release|Any CPU
		{4370E073-6DA6-4015-9273-E67BC7715E85}.Release|x64.Build.0 = Release|Any CPU
		{4370E073-6DA6-4015-9273-E67BC7715E85}.Release|x86.ActiveCfg = Release|Any CPU
		{4370E073-6DA6-4015-9273-E67BC7715E85}.Release|x86.Build.0 = Release|Any CPU
		{91119ADD-EB46-41F2-AEA2-A960DAC33B60}.Debug|Any CPU.ActiveCfg = Debug|Any CPU
		{91119ADD-EB46-41F2-AEA2-A960DAC33B60}.Debug|Any CPU.Build.0 = Debug|Any CPU
		{91119ADD-EB46-41F2-AEA2-A960DAC33B60}.Debug|x64.ActiveCfg = Debug|Any CPU
		{91119ADD-EB46-41F2-AEA2-A960DAC33B60}.Debug|x64.Build.0 = Debug|Any CPU
		{91119ADD-EB46-41F2-AEA2-A960DAC33B60}.Debug|x86.ActiveCfg = Debug|Any CPU
		{91119ADD-EB46-41F2-AEA2-A960DAC33B60}.Debug|x86.Build.0 = Debug|Any CPU
		{91119ADD-EB46-41F2-AEA2-A960DAC33B60}.Release|Any CPU.ActiveCfg = Release|Any CPU
		{91119ADD-EB46-41F2-AEA2-A960DAC33B60}.Release|Any CPU.Build.0 = Release|Any CPU
		{91119ADD-EB46-41F2-AEA2-A960DAC33B60}.Release|x64.ActiveCfg = Release|Any CPU
		{91119ADD-EB46-41F2-AEA2-A960DAC33B60}.Release|x64.Build.0 = Release|Any CPU
		{91119ADD-EB46-41F2-AEA2-A960DAC33B60}.Release|x86.ActiveCfg = Release|Any CPU
		{91119ADD-EB46-41F2-AEA2-A960DAC33B60}.Release|x86.Build.0 = Release|Any CPU
	EndGlobalSection
	GlobalSection(NestedProjects) = preSolution
		{4370E073-6DA6-4015-9273-E67BC7715E85} = {19F2558C-84A5-4551-B4CA-5FDC25DD53E6}
		{91119ADD-EB46-41F2-AEA2-A960DAC33B60} = {19F2558C-84A5-4551-B4CA-5FDC25DD53E6}
	EndGlobalSection
EndGlobal
